
Microsoft Visual Studio Solution File, Format Version 12.00
# Visual Studio Version 17
VisualStudioVersion = 17.5.001.0
MinimumVisualStudioVersion = 10.0.40219.1
Project("{2150E333-8FDC-42A3-9474-1A3956D46DE8}") = "csharp-prep", "csharp-prep", "{CFBEFA67-F292-48A6-AA36-56DEC060DF93}"
EndProject
Project("{9A19103F-16F7-4668-BE54-9A1E7A4F7556}") = "Prep1", "csharp-prep\Prep1\Prep1.csproj", "{909A73B2-5D8D-4D51-AD0E-29BB3BA1069D}"
EndProject
Project("{9A19103F-16F7-4668-BE54-9A1E7A4F7556}") = "Prep2", "csharp-prep\Prep2\Prep2.csproj", "{42664E2E-2DF4-4157-B34B-F611E9C832ED}"
EndProject
Project("{9A19103F-16F7-4668-BE54-9A1E7A4F7556}") = "Prep3", "csharp-prep\Prep3\Prep3.csproj", "{8274743C-605F-4961-9C8A-B1516F20B3EC}"
EndProject
Project("{9A19103F-16F7-4668-BE54-9A1E7A4F7556}") = "Prep4", "csharp-prep\Prep4\Prep4.csproj", "{D0D5679E-E96F-48C6-A17D-1C0C0C37699D}"
EndProject
Project("{9A19103F-16F7-4668-BE54-9A1E7A4F7556}") = "Prep5", "csharp-prep\Prep5\Prep5.csproj", "{29AD1531-048E-437E-A509-A19EDA5763D8}"
EndProject
Project("{2150E333-8FDC-42A3-9474-1A3956D46DE8}") = "final", "final", "{CF1E1663-6618-48CB-B403-418AF582BBE6}"
EndProject
Project("{9A19103F-16F7-4668-BE54-9A1E7A4F7556}") = "FinalProject", "final\FinalProject\FinalProject.csproj", "{69E17DA9-C5D0-429D-BA3B-D5187666F6A9}"
EndProject
Project("{9A19103F-16F7-4668-BE54-9A1E7A4F7556}") = "Foundation1", "final\Foundation1\Foundation1.csproj", "{4EE6DFB7-9E5C-4FB0-8C6B-D54F08F4BDB6}"
EndProject
Project("{9A19103F-16F7-4668-BE54-9A1E7A4F7556}") = "Foundation2", "final\Foundation2\Foundation2.csproj", "{A9EDF575-6E02-4151-B6C8-80C60DE7AD17}"
EndProject
Project("{9A19103F-16F7-4668-BE54-9A1E7A4F7556}") = "Foundation3", "final\Foundation3\Foundation3.csproj", "{E1D47F74-DDDD-4E0C-87C6-64D8BEA5AC25}"
EndProject
Project("{9A19103F-16F7-4668-BE54-9A1E7A4F7556}") = "Foundation4", "final\Foundation4\Foundation4.csproj", "{730BA61D-6D00-46FB-A54F-EC12B1189E6F}"
EndProject
Project("{2150E333-8FDC-42A3-9474-1A3956D46DE8}") = "prepare", "prepare", "{7F8C2F82-EACF-47EE-B58C-F35286357329}"
EndProject
Project("{9A19103F-16F7-4668-BE54-9A1E7A4F7556}") = "Learning02", "prepare\Learning02\Learning02.csproj", "{CA09BA85-F91D-4277-90E3-FFFE6F949AA9}"
EndProject
Project("{9A19103F-16F7-4668-BE54-9A1E7A4F7556}") = "Learning03", "prepare\Learning03\Learning03.csproj", "{247A1921-56CB-4B2F-839C-9A3A0F34FAC0}"
EndProject
Project("{9A19103F-16F7-4668-BE54-9A1E7A4F7556}") = "Learning04", "prepare\Learning04\Learning04.csproj", "{4A78E5AE-8948-4459-AE84-C929043AA1AC}"
EndProject
Project("{9A19103F-16F7-4668-BE54-9A1E7A4F7556}") = "Learning05", "prepare\Learning05\Learning05.csproj", "{E0F5D8C4-732C-45AB-94B9-66471E480B5D}"
EndProject
Project("{2150E333-8FDC-42A3-9474-1A3956D46DE8}") = "prove", "prove", "{A8BDAD50-9A65-42FC-8F7E-E1152BF0E95A}"
EndProject
Project("{9A19103F-16F7-4668-BE54-9A1E7A4F7556}") = "Develop02", "prove\Develop02\Develop02.csproj", "{57266F44-97DD-4E05-8D3A-A2BBD4C58D4F}"
EndProject
Project("{9A19103F-16F7-4668-BE54-9A1E7A4F7556}") = "Develop03", "prove\Develop03\Develop03.csproj", "{2F3A8576-4918-4D89-9565-00E10F54F003}"
EndProject
Project("{9A19103F-16F7-4668-BE54-9A1E7A4F7556}") = "Develop04", "prove\Develop04\Develop04.csproj", "{EB86D3E7-0D7C-4021-B334-BF0914241BAE}"
EndProject
Project("{9A19103F-16F7-4668-BE54-9A1E7A4F7556}") = "Develop05", "prove\Develop05\Develop05.csproj", "{E4610AE7-8B1E-4999-8759-481812776CB3}"
EndProject
Project("{2150E333-8FDC-42A3-9474-1A3956D46DE8}") = "sandbox", "sandbox", "{CEFEA486-4048-4523-BBE6-66BE4682A70C}"
EndProject
Project("{9A19103F-16F7-4668-BE54-9A1E7A4F7556}") = "Sandbox", "sandbox\Sandbox\Sandbox.csproj", "{F14AEA23-8FD7-4F69-92C1-AD8C55AFE82B}"
EndProject
Global
	GlobalSection(SolutionConfigurationPlatforms) = preSolution
		Debug|Any CPU = Debug|Any CPU
		Release|Any CPU = Release|Any CPU
	EndGlobalSection
	GlobalSection(ProjectConfigurationPlatforms) = postSolution
		{909A73B2-5D8D-4D51-AD0E-29BB3BA1069D}.Debug|Any CPU.ActiveCfg = Debug|Any CPU
		{909A73B2-5D8D-4D51-AD0E-29BB3BA1069D}.Debug|Any CPU.Build.0 = Debug|Any CPU
		{909A73B2-5D8D-4D51-AD0E-29BB3BA1069D}.Release|Any CPU.ActiveCfg = Release|Any CPU
		{909A73B2-5D8D-4D51-AD0E-29BB3BA1069D}.Release|Any CPU.Build.0 = Release|Any CPU
		{42664E2E-2DF4-4157-B34B-F611E9C832ED}.Debug|Any CPU.ActiveCfg = Debug|Any CPU
		{42664E2E-2DF4-4157-B34B-F611E9C832ED}.Debug|Any CPU.Build.0 = Debug|Any CPU
		{42664E2E-2DF4-4157-B34B-F611E9C832ED}.Release|Any CPU.ActiveCfg = Release|Any CPU
		{42664E2E-2DF4-4157-B34B-F611E9C832ED}.Release|Any CPU.Build.0 = Release|Any CPU
		{8274743C-605F-4961-9C8A-B1516F20B3EC}.Debug|Any CPU.ActiveCfg = Debug|Any CPU
		{8274743C-605F-4961-9C8A-B1516F20B3EC}.Debug|Any CPU.Build.0 = Debug|Any CPU
		{8274743C-605F-4961-9C8A-B1516F20B3EC}.Release|Any CPU.ActiveCfg = Release|Any CPU
		{8274743C-605F-4961-9C8A-B1516F20B3EC}.Release|Any CPU.Build.0 = Release|Any CPU
		{D0D5679E-E96F-48C6-A17D-1C0C0C37699D}.Debug|Any CPU.ActiveCfg = Debug|Any CPU
		{D0D5679E-E96F-48C6-A17D-1C0C0C37699D}.Debug|Any CPU.Build.0 = Debug|Any CPU
		{D0D5679E-E96F-48C6-A17D-1C0C0C37699D}.Release|Any CPU.ActiveCfg = Release|Any CPU
		{D0D5679E-E96F-48C6-A17D-1C0C0C37699D}.Release|Any CPU.Build.0 = Release|Any CPU
		{29AD1531-048E-437E-A509-A19EDA5763D8}.Debug|Any CPU.ActiveCfg = Debug|Any CPU
		{29AD1531-048E-437E-A509-A19EDA5763D8}.Debug|Any CPU.Build.0 = Debug|Any CPU
		{29AD1531-048E-437E-A509-A19EDA5763D8}.Release|Any CPU.ActiveCfg = Release|Any CPU
		{29AD1531-048E-437E-A509-A19EDA5763D8}.Release|Any CPU.Build.0 = Release|Any CPU
		{69E17DA9-C5D0-429D-BA3B-D5187666F6A9}.Debug|Any CPU.ActiveCfg = Debug|Any CPU
		{69E17DA9-C5D0-429D-BA3B-D5187666F6A9}.Debug|Any CPU.Build.0 = Debug|Any CPU
		{69E17DA9-C5D0-429D-BA3B-D5187666F6A9}.Release|Any CPU.ActiveCfg = Release|Any CPU
		{69E17DA9-C5D0-429D-BA3B-D5187666F6A9}.Release|Any CPU.Build.0 = Release|Any CPU
		{4EE6DFB7-9E5C-4FB0-8C6B-D54F08F4BDB6}.Debug|Any CPU.ActiveCfg = Debug|Any CPU
		{4EE6DFB7-9E5C-4FB0-8C6B-D54F08F4BDB6}.Debug|Any CPU.Build.0 = Debug|Any CPU
		{4EE6DFB7-9E5C-4FB0-8C6B-D54F08F4BDB6}.Release|Any CPU.ActiveCfg = Release|Any CPU
		{4EE6DFB7-9E5C-4FB0-8C6B-D54F08F4BDB6}.Release|Any CPU.Build.0 = Release|Any CPU
		{A9EDF575-6E02-4151-B6C8-80C60DE7AD17}.Debug|Any CPU.ActiveCfg = Debug|Any CPU
		{A9EDF575-6E02-4151-B6C8-80C60DE7AD17}.Debug|Any CPU.Build.0 = Debug|Any CPU
		{A9EDF575-6E02-4151-B6C8-80C60DE7AD17}.Release|Any CPU.ActiveCfg = Release|Any CPU
		{A9EDF575-6E02-4151-B6C8-80C60DE7AD17}.Release|Any CPU.Build.0 = Release|Any CPU
		{E1D47F74-DDDD-4E0C-87C6-64D8BEA5AC25}.Debug|Any CPU.ActiveCfg = Debug|Any CPU
		{E1D47F74-DDDD-4E0C-87C6-64D8BEA5AC25}.Debug|Any CPU.Build.0 = Debug|Any CPU
		{E1D47F74-DDDD-4E0C-87C6-64D8BEA5AC25}.Release|Any CPU.ActiveCfg = Release|Any CPU
		{E1D47F74-DDDD-4E0C-87C6-64D8BEA5AC25}.Release|Any CPU.Build.0 = Release|Any CPU
		{730BA61D-6D00-46FB-A54F-EC12B1189E6F}.Debug|Any CPU.ActiveCfg = Debug|Any CPU
		{730BA61D-6D00-46FB-A54F-EC12B1189E6F}.Debug|Any CPU.Build.0 = Debug|Any CPU
		{730BA61D-6D00-46FB-A54F-EC12B1189E6F}.Release|Any CPU.ActiveCfg = Release|Any CPU
		{730BA61D-6D00-46FB-A54F-EC12B1189E6F}.Release|Any CPU.Build.0 = Release|Any CPU
		{CA09BA85-F91D-4277-90E3-FFFE6F949AA9}.Debug|Any CPU.ActiveCfg = Debug|Any CPU
		{CA09BA85-F91D-4277-90E3-FFFE6F949AA9}.Debug|Any CPU.Build.0 = Debug|Any CPU
		{CA09BA85-F91D-4277-90E3-FFFE6F949AA9}.Release|Any CPU.ActiveCfg = Release|Any CPU
		{CA09BA85-F91D-4277-90E3-FFFE6F949AA9}.Release|Any CPU.Build.0 = Release|Any CPU
		{247A1921-56CB-4B2F-839C-9A3A0F34FAC0}.Debug|Any CPU.ActiveCfg = Debug|Any CPU
		{247A1921-56CB-4B2F-839C-9A3A0F34FAC0}.Debug|Any CPU.Build.0 = Debug|Any CPU
		{247A1921-56CB-4B2F-839C-9A3A0F34FAC0}.Release|Any CPU.ActiveCfg = Release|Any CPU
		{247A1921-56CB-4B2F-839C-9A3A0F34FAC0}.Release|Any CPU.Build.0 = Release|Any CPU
		{4A78E5AE-8948-4459-AE84-C929043AA1AC}.Debug|Any CPU.ActiveCfg = Debug|Any CPU
		{4A78E5AE-8948-4459-AE84-C929043AA1AC}.Debug|Any CPU.Build.0 = Debug|Any CPU
		{4A78E5AE-8948-4459-AE84-C929043AA1AC}.Release|Any CPU.ActiveCfg = Release|Any CPU
		{4A78E5AE-8948-4459-AE84-C929043AA1AC}.Release|Any CPU.Build.0 = Release|Any CPU
		{E0F5D8C4-732C-45AB-94B9-66471E480B5D}.Debug|Any CPU.ActiveCfg = Debug|Any CPU
		{E0F5D8C4-732C-45AB-94B9-66471E480B5D}.Debug|Any CPU.Build.0 = Debug|Any CPU
		{E0F5D8C4-732C-45AB-94B9-66471E480B5D}.Release|Any CPU.ActiveCfg = Release|Any CPU
		{E0F5D8C4-732C-45AB-94B9-66471E480B5D}.Release|Any CPU.Build.0 = Release|Any CPU
		{57266F44-97DD-4E05-8D3A-A2BBD4C58D4F}.Debug|Any CPU.ActiveCfg = Debug|Any CPU
		{57266F44-97DD-4E05-8D3A-A2BBD4C58D4F}.Debug|Any CPU.Build.0 = Debug|Any CPU
		{57266F44-97DD-4E05-8D3A-A2BBD4C58D4F}.Release|Any CPU.ActiveCfg = Release|Any CPU
		{57266F44-97DD-4E05-8D3A-A2BBD4C58D4F}.Release|Any CPU.Build.0 = Release|Any CPU
		{2F3A8576-4918-4D89-9565-00E10F54F003}.Debug|Any CPU.ActiveCfg = Debug|Any CPU
		{2F3A8576-4918-4D89-9565-00E10F54F003}.Debug|Any CPU.Build.0 = Debug|Any CPU
		{2F3A8576-4918-4D89-9565-00E10F54F003}.Release|Any CPU.ActiveCfg = Release|Any CPU
		{2F3A8576-4918-4D89-9565-00E10F54F003}.Release|Any CPU.Build.0 = Release|Any CPU
		{EB86D3E7-0D7C-4021-B334-BF0914241BAE}.Debug|Any CPU.ActiveCfg = Debug|Any CPU
		{EB86D3E7-0D7C-4021-B334-BF0914241BAE}.Debug|Any CPU.Build.0 = Debug|Any CPU
		{EB86D3E7-0D7C-4021-B334-BF0914241BAE}.Release|Any CPU.ActiveCfg = Release|Any CPU
		{EB86D3E7-0D7C-4021-B334-BF0914241BAE}.Release|Any CPU.Build.0 = Release|Any CPU
		{E4610AE7-8B1E-4999-8759-481812776CB3}.Debug|Any CPU.ActiveCfg = Debug|Any CPU
		{E4610AE7-8B1E-4999-8759-481812776CB3}.Debug|Any CPU.Build.0 = Debug|Any CPU
		{E4610AE7-8B1E-4999-8759-481812776CB3}.Release|Any CPU.ActiveCfg = Release|Any CPU
		{E4610AE7-8B1E-4999-8759-481812776CB3}.Release|Any CPU.Build.0 = Release|Any CPU
		{F14AEA23-8FD7-4F69-92C1-AD8C55AFE82B}.Debug|Any CPU.ActiveCfg = Debug|Any CPU
		{F14AEA23-8FD7-4F69-92C1-AD8C55AFE82B}.Debug|Any CPU.Build.0 = Debug|Any CPU
		{F14AEA23-8FD7-4F69-92C1-AD8C55AFE82B}.Release|Any CPU.ActiveCfg = Release|Any CPU
		{F14AEA23-8FD7-4F69-92C1-AD8C55AFE82B}.Release|Any CPU.Build.0 = Release|Any CPU
	EndGlobalSection
	GlobalSection(SolutionProperties) = preSolution
		HideSolutionNode = FALSE
	EndGlobalSection
	GlobalSection(NestedProjects) = preSolution
		{909A73B2-5D8D-4D51-AD0E-29BB3BA1069D} = {CFBEFA67-F292-48A6-AA36-56DEC060DF93}
		{42664E2E-2DF4-4157-B34B-F611E9C832ED} = {CFBEFA67-F292-48A6-AA36-56DEC060DF93}
		{8274743C-605F-4961-9C8A-B1516F20B3EC} = {CFBEFA67-F292-48A6-AA36-56DEC060DF93}
		{D0D5679E-E96F-48C6-A17D-1C0C0C37699D} = {CFBEFA67-F292-48A6-AA36-56DEC060DF93}
		{29AD1531-048E-437E-A509-A19EDA5763D8} = {CFBEFA67-F292-48A6-AA36-56DEC060DF93}
		{69E17DA9-C5D0-429D-BA3B-D5187666F6A9} = {CF1E1663-6618-48CB-B403-418AF582BBE6}
		{4EE6DFB7-9E5C-4FB0-8C6B-D54F08F4BDB6} = {CF1E1663-6618-48CB-B403-418AF582BBE6}
		{A9EDF575-6E02-4151-B6C8-80C60DE7AD17} = {CF1E1663-6618-48CB-B403-418AF582BBE6}
		{E1D47F74-DDDD-4E0C-87C6-64D8BEA5AC25} = {CF1E1663-6618-48CB-B403-418AF582BBE6}
		{730BA61D-6D00-46FB-A54F-EC12B1189E6F} = {CF1E1663-6618-48CB-B403-418AF582BBE6}
		{CA09BA85-F91D-4277-90E3-FFFE6F949AA9} = {7F8C2F82-EACF-47EE-B58C-F35286357329}
		{247A1921-56CB-4B2F-839C-9A3A0F34FAC0} = {7F8C2F82-EACF-47EE-B58C-F35286357329}
		{4A78E5AE-8948-4459-AE84-C929043AA1AC} = {7F8C2F82-EACF-47EE-B58C-F35286357329}
		{E0F5D8C4-732C-45AB-94B9-66471E480B5D} = {7F8C2F82-EACF-47EE-B58C-F35286357329}
		{57266F44-97DD-4E05-8D3A-A2BBD4C58D4F} = {A8BDAD50-9A65-42FC-8F7E-E1152BF0E95A}
		{2F3A8576-4918-4D89-9565-00E10F54F003} = {A8BDAD50-9A65-42FC-8F7E-E1152BF0E95A}
		{EB86D3E7-0D7C-4021-B334-BF0914241BAE} = {A8BDAD50-9A65-42FC-8F7E-E1152BF0E95A}
		{E4610AE7-8B1E-4999-8759-481812776CB3} = {A8BDAD50-9A65-42FC-8F7E-E1152BF0E95A}
		{F14AEA23-8FD7-4F69-92C1-AD8C55AFE82B} = {CEFEA486-4048-4523-BBE6-66BE4682A70C}
	EndGlobalSection
	GlobalSection(ExtensibilityGlobals) = postSolution
		SolutionGuid = {BED4D734-3DA3-4C8A-864D-BA8B53747ECD}
	EndGlobalSection
EndGlobal
